
Microsoft Visual Studio Solution File, Format Version 12.00
# Visual Studio Version 17
VisualStudioVersion = 17.14.36221.1
MinimumVisualStudioVersion = 10.0.40219.1
Project("{8BC9CEB8-8B4A-11D0-8D11-00A0C91BC942}") = "Inheritance", "Inheritance\Inheritance.vcxproj", "{6BB51586-52AA-4750-814A-2EAA25612753}"
EndProject
Project("{8BC9CEB8-8B4A-11D0-8D11-00A0C91BC942}") = "academy", "academy\academy.vcxproj", "{933DE4A8-14E0-4D16-8D7D-3A244AA30DA1}"
EndProject
Project("{8BC9CEB8-8B4A-11D0-8D11-00A0C91BC942}") = "AbstractGeometry", "AbstractGeometry\AbstractGeometry.vcxproj", "{A3C18CA2-A40A-45FF-AD75-ABD708B395C0}"
EndProject
Global
	GlobalSection(SolutionConfigurationPlatforms) = preSolution
		Debug|x64 = Debug|x64
		Debug|x86 = Debug|x86
		Release|x64 = Release|x64
		Release|x86 = Release|x86
	EndGlobalSection
	GlobalSection(ProjectConfigurationPlatforms) = postSolution
		{6BB51586-52AA-4750-814A-2EAA25612753}.Debug|x64.ActiveCfg = Debug|x64
		{6BB51586-52AA-4750-814A-2EAA25612753}.Debug|x64.Build.0 = Debug|x64
		{6BB51586-52AA-4750-814A-2EAA25612753}.Debug|x86.ActiveCfg = Debug|Win32
		{6BB51586-52AA-4750-814A-2EAA25612753}.Debug|x86.Build.0 = Debug|Win32
		{6BB51586-52AA-4750-814A-2EAA25612753}.Release|x64.ActiveCfg = Release|x64
		{6BB51586-52AA-4750-814A-2EAA25612753}.Release|x64.Build.0 = Release|x64
		{6BB51586-52AA-4750-814A-2EAA25612753}.Release|x86.ActiveCfg = Release|Win32
		{6BB51586-52AA-4750-814A-2EAA25612753}.Release|x86.Build.0 = Release|Win32
		{933DE4A8-14E0-4D16-8D7D-3A244AA30DA1}.Debug|x64.ActiveCfg = Debug|x64
		{933DE4A8-14E0-4D16-8D7D-3A244AA30DA1}.Debug|x64.Build.0 = Debug|x64
		{933DE4A8-14E0-4D16-8D7D-3A244AA30DA1}.Debug|x86.ActiveCfg = Debug|Win32
		{933DE4A8-14E0-4D16-8D7D-3A244AA30DA1}.Debug|x86.Build.0 = Debug|Win32
		{933DE4A8-14E0-4D16-8D7D-3A244AA30DA1}.Release|x64.ActiveCfg = Release|x64
		{933DE4A8-14E0-4D16-8D7D-3A244AA30DA1}.Release|x64.Build.0 = Release|x64
		{933DE4A8-14E0-4D16-8D7D-3A244AA30DA1}.Release|x86.ActiveCfg = Release|Win32
		{933DE4A8-14E0-4D16-8D7D-3A244AA30DA1}.Release|x86.Build.0 = Release|Win32
		{A3C18CA2-A40A-45FF-AD75-ABD708B395C0}.Debug|x64.ActiveCfg = Debug|x64
		{A3C18CA2-A40A-45FF-AD75-ABD708B395C0}.Debug|x64.Build.0 = Debug|x64
		{A3C18CA2-A40A-45FF-AD75-ABD708B395C0}.Debug|x86.ActiveCfg = Debug|Win32
		{A3C18CA2-A40A-45FF-AD75-ABD708B395C0}.Debug|x86.Build.0 = Debug|Win32
		{A3C18CA2-A40A-45FF-AD75-ABD708B395C0}.Release|x64.ActiveCfg = Release|x64
		{A3C18CA2-A40A-45FF-AD75-ABD708B395C0}.Release|x64.Build.0 = Release|x64
		{A3C18CA2-A40A-45FF-AD75-ABD708B395C0}.Release|x86.ActiveCfg = Release|Win32
		{A3C18CA2-A40A-45FF-AD75-ABD708B395C0}.Release|x86.Build.0 = Release|Win32
	EndGlobalSection
	GlobalSection(SolutionProperties) = preSolution
		HideSolutionNode = FALSE
	EndGlobalSection
	GlobalSection(ExtensibilityGlobals) = postSolution
		SolutionGuid = {650627A1-296B-4596-97DA-DB03C7FAC74B}
	EndGlobalSection
EndGlobal
